
Microsoft Visual Studio Solution File, Format Version 12.00
# Visual Studio Version 17
VisualStudioVersion = 17.0.31903.59
MinimumVisualStudioVersion = 10.0.40219.1
Project("{FAE04EC0-301F-11D3-BF4B-00C04F79EFBC}") = "TesteCopilot", "TesteCopilot.Application\TesteCopilot.csproj", "{63D3367D-88B0-4F63-ABC8-F94A356015D4}"
EndProject
Project("{FAE04EC0-301F-11D3-BF4B-00C04F79EFBC}") = "TesteCopilot.Domain", "TesteCopilot.Domain\TesteCopilot.Domain.csproj", "{500EA1EF-3A73-40E2-BFF6-83BCCA8855F5}"
EndProject
Project("{FAE04EC0-301F-11D3-BF4B-00C04F79EFBC}") = "TesteCopilot.Repository", "TesteCopilot.Repository\TesteCopilot.Repository.csproj", "{1CCA6637-0BFF-48DB-8DEF-4B3D951C5EBA}"
EndProject
Project("{FAE04EC0-301F-11D3-BF4B-00C04F79EFBC}") = "TesteCopilot.UnitTest", "TesteCopilot.UnitTest\TesteCopilot.UnitTest.csproj", "{31A1F94B-152A-4044-8C92-A0B5911BF0D3}"
EndProject
Global
	GlobalSection(SolutionConfigurationPlatforms) = preSolution
		Debug|Any CPU = Debug|Any CPU
		Release|Any CPU = Release|Any CPU
	EndGlobalSection
	GlobalSection(SolutionProperties) = preSolution
		HideSolutionNode = FALSE
	EndGlobalSection
	GlobalSection(ProjectConfigurationPlatforms) = postSolution
		{63D3367D-88B0-4F63-ABC8-F94A356015D4}.Debug|Any CPU.ActiveCfg = Debug|Any CPU
		{63D3367D-88B0-4F63-ABC8-F94A356015D4}.Debug|Any CPU.Build.0 = Debug|Any CPU
		{63D3367D-88B0-4F63-ABC8-F94A356015D4}.Release|Any CPU.ActiveCfg = Release|Any CPU
		{63D3367D-88B0-4F63-ABC8-F94A356015D4}.Release|Any CPU.Build.0 = Release|Any CPU
		{500EA1EF-3A73-40E2-BFF6-83BCCA8855F5}.Debug|Any CPU.ActiveCfg = Debug|Any CPU
		{500EA1EF-3A73-40E2-BFF6-83BCCA8855F5}.Debug|Any CPU.Build.0 = Debug|Any CPU
		{500EA1EF-3A73-40E2-BFF6-83BCCA8855F5}.Release|Any CPU.ActiveCfg = Release|Any CPU
		{500EA1EF-3A73-40E2-BFF6-83BCCA8855F5}.Release|Any CPU.Build.0 = Release|Any CPU
		{1CCA6637-0BFF-48DB-8DEF-4B3D951C5EBA}.Debug|Any CPU.ActiveCfg = Debug|Any CPU
		{1CCA6637-0BFF-48DB-8DEF-4B3D951C5EBA}.Debug|Any CPU.Build.0 = Debug|Any CPU
		{1CCA6637-0BFF-48DB-8DEF-4B3D951C5EBA}.Release|Any CPU.ActiveCfg = Release|Any CPU
		{1CCA6637-0BFF-48DB-8DEF-4B3D951C5EBA}.Release|Any CPU.Build.0 = Release|Any CPU
		{31A1F94B-152A-4044-8C92-A0B5911BF0D3}.Debug|Any CPU.ActiveCfg = Debug|Any CPU
		{31A1F94B-152A-4044-8C92-A0B5911BF0D3}.Debug|Any CPU.Build.0 = Debug|Any CPU
		{31A1F94B-152A-4044-8C92-A0B5911BF0D3}.Release|Any CPU.ActiveCfg = Release|Any CPU
		{31A1F94B-152A-4044-8C92-A0B5911BF0D3}.Release|Any CPU.Build.0 = Release|Any CPU
	EndGlobalSection
EndGlobal
