
Microsoft Visual Studio Solution File, Format Version 12.00
# Visual Studio Version 17
VisualStudioVersion = 17.0.31903.59
MinimumVisualStudioVersion = 10.0.40219.1
Project("{FAE04EC0-301F-11D3-BF4B-00C04F79EFBC}") = "Caronas.Application", "Caronas.Application\Caronas.Application.csproj", "{5287D60F-DBAE-4FAE-86B6-DAD6BA570E75}"
EndProject
Project("{FAE04EC0-301F-11D3-BF4B-00C04F79EFBC}") = "Caronas.Domain", "Caronas.Domain\Caronas.Domain.csproj", "{96C31496-A190-41B3-949D-36DDD979C5B1}"
EndProject
Project("{FAE04EC0-301F-11D3-BF4B-00C04F79EFBC}") = "Caronas.Api", "Caronas.Api\Caronas.Api.csproj", "{CDA7062A-9FFA-450D-A982-43B5EDB09F66}"
EndProject
Project("{FAE04EC0-301F-11D3-BF4B-00C04F79EFBC}") = "Caronas.Persistence", "Caronas.Persistence\Caronas.Persistence.csproj", "{66742673-7DA3-4248-9A77-CD3EB3C150DE}"
EndProject
Global
	GlobalSection(SolutionConfigurationPlatforms) = preSolution
		Debug|Any CPU = Debug|Any CPU
		Release|Any CPU = Release|Any CPU
	EndGlobalSection
	GlobalSection(SolutionProperties) = preSolution
		HideSolutionNode = FALSE
	EndGlobalSection
	GlobalSection(ProjectConfigurationPlatforms) = postSolution
		{5287D60F-DBAE-4FAE-86B6-DAD6BA570E75}.Debug|Any CPU.ActiveCfg = Debug|Any CPU
		{5287D60F-DBAE-4FAE-86B6-DAD6BA570E75}.Debug|Any CPU.Build.0 = Debug|Any CPU
		{5287D60F-DBAE-4FAE-86B6-DAD6BA570E75}.Release|Any CPU.ActiveCfg = Release|Any CPU
		{5287D60F-DBAE-4FAE-86B6-DAD6BA570E75}.Release|Any CPU.Build.0 = Release|Any CPU
		{96C31496-A190-41B3-949D-36DDD979C5B1}.Debug|Any CPU.ActiveCfg = Debug|Any CPU
		{96C31496-A190-41B3-949D-36DDD979C5B1}.Debug|Any CPU.Build.0 = Debug|Any CPU
		{96C31496-A190-41B3-949D-36DDD979C5B1}.Release|Any CPU.ActiveCfg = Release|Any CPU
		{96C31496-A190-41B3-949D-36DDD979C5B1}.Release|Any CPU.Build.0 = Release|Any CPU
		{CDA7062A-9FFA-450D-A982-43B5EDB09F66}.Debug|Any CPU.ActiveCfg = Debug|Any CPU
		{CDA7062A-9FFA-450D-A982-43B5EDB09F66}.Debug|Any CPU.Build.0 = Debug|Any CPU
		{CDA7062A-9FFA-450D-A982-43B5EDB09F66}.Release|Any CPU.ActiveCfg = Release|Any CPU
		{CDA7062A-9FFA-450D-A982-43B5EDB09F66}.Release|Any CPU.Build.0 = Release|Any CPU
		{66742673-7DA3-4248-9A77-CD3EB3C150DE}.Debug|Any CPU.ActiveCfg = Debug|Any CPU
		{66742673-7DA3-4248-9A77-CD3EB3C150DE}.Debug|Any CPU.Build.0 = Debug|Any CPU
		{66742673-7DA3-4248-9A77-CD3EB3C150DE}.Release|Any CPU.ActiveCfg = Release|Any CPU
		{66742673-7DA3-4248-9A77-CD3EB3C150DE}.Release|Any CPU.Build.0 = Release|Any CPU
	EndGlobalSection
EndGlobal
